{
  "name": "cake-ordering-system",
  "version": "1.0.0",
  "lockfileVersion": 2,
  "requires": true,
  "packages": {
    "": {
      "version": "1.0.0",
      "license": "ISC",
      "dependencies": {
        "serverless-pseudo-parameters": "^2.5.0",
        "uuid": "^8.3.2"
      }
    },
    "node_modules/serverless-pseudo-parameters": {
      "version": "2.5.0",
      "resolved": "https://artylab.expedia.biz/api/npm/public-npm-virtual/serverless-pseudo-parameters/-/serverless-pseudo-parameters-2.5.0.tgz",
      "integrity": "sha1-8wvzTbFm5LiyIUSo5lrKcbkN0eY=",
      "deprecated": "This is now natively supported in Serverless Framework 2.3.0, this plugin should still work, but I advise you to upgrade.",
      "license": "MIT"
    },
    "node_modules/uuid": {
      "version": "8.3.2",
      "resolved": "https://artylab.expedia.biz/api/npm/public-npm-virtual/uuid/-/uuid-8.3.2.tgz",
      "integrity": "sha1-gNW1ztJxu5r2xEXyGhoExgbO++I=",
      "license": "MIT",
      "bin": {
        "uuid": "dist/bin/uuid"
      }
    }
  },
  "dependencies": {
    "serverless-pseudo-parameters": {
      "version": "2.5.0",
      "resolved": "https://artylab.expedia.biz/api/npm/public-npm-virtual/serverless-pseudo-parameters/-/serverless-pseudo-parameters-2.5.0.tgz",
      "integrity": "sha1-8wvzTbFm5LiyIUSo5lrKcbkN0eY="
    },
    "uuid": {
      "version": "8.3.2",
      "resolved": "https://artylab.expedia.biz/api/npm/public-npm-virtual/uuid/-/uuid-8.3.2.tgz",
      "integrity": "sha1-gNW1ztJxu5r2xEXyGhoExgbO++I="
    }
  }
}
